# THIS IS AN AUTOGENERATED FILE. DO NOT EDIT THIS FILE DIRECTLY.
# yarn lockfile v1


"@algolia/autocomplete-core@1.9.3":
  version "1.9.3"
  resolved "https://registry.yarnpkg.com/@algolia/autocomplete-core/-/autocomplete-core-1.9.3.tgz#1d56482a768c33aae0868c8533049e02e8961be7"
  integrity sha512-009HdfugtGCdC4JdXUbVJClA0q0zh24yyePn+KUGk3rP7j8FEe/m5Yo/z65gn6nP/cM39PxpzqKrL7A6fP6PPw==
  dependencies:
    "@algolia/autocomplete-plugin-algolia-insights" "1.9.3"
    "@algolia/autocomplete-shared" "1.9.3"

"@algolia/autocomplete-plugin-algolia-insights@1.9.3":
  version "1.9.3"
  resolved "https://registry.yarnpkg.com/@algolia/autocomplete-plugin-algolia-insights/-/autocomplete-plugin-algolia-insights-1.9.3.tgz#9b7f8641052c8ead6d66c1623d444cbe19dde587"
  integrity sha512-a/yTUkcO/Vyy+JffmAnTWbr4/90cLzw+CC3bRbhnULr/EM0fGNvM13oQQ14f2moLMcVDyAx/leczLlAOovhSZg==
  dependencies:
    "@algolia/autocomplete-shared" "1.9.3"

"@algolia/autocomplete-preset-algolia@1.9.3":
  version "1.9.3"
  resolved "https://registry.yarnpkg.com/@algolia/autocomplete-preset-algolia/-/autocomplete-preset-algolia-1.9.3.tgz#64cca4a4304cfcad2cf730e83067e0c1b2f485da"
  integrity sha512-d4qlt6YmrLMYy95n5TB52wtNDr6EgAIPH81dvvvW8UmuWRgxEtY0NJiPwl/h95JtG2vmRM804M0DSwMCNZlzRA==
  dependencies:
    "@algolia/autocomplete-shared" "1.9.3"

"@algolia/autocomplete-shared@1.9.3":
  version "1.9.3"
  resolved "https://registry.yarnpkg.com/@algolia/autocomplete-shared/-/autocomplete-shared-1.9.3.tgz#2e22e830d36f0a9cf2c0ccd3c7f6d59435b77dfa"
  integrity sha512-Wnm9E4Ye6Rl6sTTqjoymD+l8DjSTHsHboVRYrKgEt8Q7UHm9nYbqhN/i0fhUYA3OAEH7WA8x3jfpnmJm3rKvaQ==

"@algolia/cache-browser-local-storage@4.22.1":
  version "4.22.1"
  resolved "https://registry.yarnpkg.com/@algolia/cache-browser-local-storage/-/cache-browser-local-storage-4.22.1.tgz#14b6dc9abc9e3a304a5fffb063d15f30af1032d1"
  integrity sha512-Sw6IAmOCvvP6QNgY9j+Hv09mvkvEIDKjYW8ow0UDDAxSXy664RBNQk3i/0nt7gvceOJ6jGmOTimaZoY1THmU7g==
  dependencies:
    "@algolia/cache-common" "4.22.1"

"@algolia/cache-common@4.22.1":
  version "4.22.1"
  resolved "https://registry.yarnpkg.com/@algolia/cache-common/-/cache-common-4.22.1.tgz#c625dff4bc2a74e79f9aed67b4e053b0ef1b3ec1"
  integrity sha512-TJMBKqZNKYB9TptRRjSUtevJeQVXRmg6rk9qgFKWvOy8jhCPdyNZV1nB3SKGufzvTVbomAukFR8guu/8NRKBTA==

"@algolia/cache-in-memory@4.22.1":
  version "4.22.1"
  resolved "https://registry.yarnpkg.com/@algolia/cache-in-memory/-/cache-in-memory-4.22.1.tgz#858a3d887f521362e87d04f3943e2810226a0d71"
  integrity sha512-ve+6Ac2LhwpufuWavM/aHjLoNz/Z/sYSgNIXsinGofWOysPilQZPUetqLj8vbvi+DHZZaYSEP9H5SRVXnpsNNw==
  dependencies:
    "@algolia/cache-common" "4.22.1"

"@algolia/client-account@4.22.1":
  version "4.22.1"
  resolved "https://registry.yarnpkg.com/@algolia/client-account/-/client-account-4.22.1.tgz#a7fb8b66b9a4f0a428e1426b2561144267d76d43"
  integrity sha512-k8m+oegM2zlns/TwZyi4YgCtyToackkOpE+xCaKCYfBfDtdGOaVZCM5YvGPtK+HGaJMIN/DoTL8asbM3NzHonw==
  dependencies:
    "@algolia/client-common" "4.22.1"
    "@algolia/client-search" "4.22.1"
    "@algolia/transporter" "4.22.1"

"@algolia/client-analytics@4.22.1":
  version "4.22.1"
  resolved "https://registry.yarnpkg.com/@algolia/client-analytics/-/client-analytics-4.22.1.tgz#506558740b4d49b1b1e3393861f729a8ce921851"
  integrity sha512-1ssi9pyxyQNN4a7Ji9R50nSdISIumMFDwKNuwZipB6TkauJ8J7ha/uO60sPJFqQyqvvI+px7RSNRQT3Zrvzieg==
  dependencies:
    "@algolia/client-common" "4.22.1"
    "@algolia/client-search" "4.22.1"
    "@algolia/requester-common" "4.22.1"
    "@algolia/transporter" "4.22.1"

"@algolia/client-common@4.22.1":
  version "4.22.1"
  resolved "https://registry.yarnpkg.com/@algolia/client-common/-/client-common-4.22.1.tgz#042b19c1b6157c485fa1b551349ab313944d2b05"
  integrity sha512-IvaL5v9mZtm4k4QHbBGDmU3wa/mKokmqNBqPj0K7lcR8ZDKzUorhcGp/u8PkPC/e0zoHSTvRh7TRkGX3Lm7iOQ==
  dependencies:
    "@algolia/requester-common" "4.22.1"
    "@algolia/transporter" "4.22.1"

"@algolia/client-personalization@4.22.1":
  version "4.22.1"
  resolved "https://registry.yarnpkg.com/@algolia/client-personalization/-/client-personalization-4.22.1.tgz#ff088d797648224fb582e9fe5828f8087835fa3d"
  integrity sha512-sl+/klQJ93+4yaqZ7ezOttMQ/nczly/3GmgZXJ1xmoewP5jmdP/X/nV5U7EHHH3hCUEHeN7X1nsIhGPVt9E1cQ==
  dependencies:
    "@algolia/client-common" "4.22.1"
    "@algolia/requester-common" "4.22.1"
    "@algolia/transporter" "4.22.1"

"@algolia/client-search@4.22.1":
  version "4.22.1"
  resolved "https://registry.yarnpkg.com/@algolia/client-search/-/client-search-4.22.1.tgz#508cc6ab3d1f4e9c02735a630d4dff6fbb8514a2"
  integrity sha512-yb05NA4tNaOgx3+rOxAmFztgMTtGBi97X7PC3jyNeGiwkAjOZc2QrdZBYyIdcDLoI09N0gjtpClcackoTN0gPA==
  dependencies:
    "@algolia/client-common" "4.22.1"
    "@algolia/requester-common" "4.22.1"
    "@algolia/transporter" "4.22.1"

"@algolia/events@^4.0.1":
  version "4.0.1"
  resolved "https://registry.yarnpkg.com/@algolia/events/-/events-4.0.1.tgz#fd39e7477e7bc703d7f893b556f676c032af3950"
  integrity sha512-FQzvOCgoFXAbf5Y6mYozw2aj5KCJoA3m4heImceldzPSMbdyS4atVjJzXKMsfX3wnZTFYwkkt8/z8UesLHlSBQ==

"@algolia/logger-common@4.22.1":
  version "4.22.1"
  resolved "https://registry.yarnpkg.com/@algolia/logger-common/-/logger-common-4.22.1.tgz#79cf4cd295de0377a94582c6aaac59b1ded731d9"
  integrity sha512-OnTFymd2odHSO39r4DSWRFETkBufnY2iGUZNrMXpIhF5cmFE8pGoINNPzwg02QLBlGSaLqdKy0bM8S0GyqPLBg==

"@algolia/logger-console@4.22.1":
  version "4.22.1"
  resolved "https://registry.yarnpkg.com/@algolia/logger-console/-/logger-console-4.22.1.tgz#0355345f6940f67aaa78ae9b81c06e44e49f2336"
  integrity sha512-O99rcqpVPKN1RlpgD6H3khUWylU24OXlzkavUAMy6QZd1776QAcauE3oP8CmD43nbaTjBexZj2nGsBH9Tc0FVA==
  dependencies:
    "@algolia/logger-common" "4.22.1"

"@algolia/requester-browser-xhr@4.22.1":
  version "4.22.1"
  resolved "https://registry.yarnpkg.com/@algolia/requester-browser-xhr/-/requester-browser-xhr-4.22.1.tgz#f04df6fe9690a071b267c77d26b83a3be9280361"
  integrity sha512-dtQGYIg6MteqT1Uay3J/0NDqD+UciHy3QgRbk7bNddOJu+p3hzjTRYESqEnoX/DpEkaNYdRHUKNylsqMpgwaEw==
  dependencies:
    "@algolia/requester-common" "4.22.1"

"@algolia/requester-common@4.22.1":
  version "4.22.1"
  resolved "https://registry.yarnpkg.com/@algolia/requester-common/-/requester-common-4.22.1.tgz#27be35f3718aafcb6b388ff9c3aa2defabd559ff"
  integrity sha512-dgvhSAtg2MJnR+BxrIFqlLtkLlVVhas9HgYKMk2Uxiy5m6/8HZBL40JVAMb2LovoPFs9I/EWIoFVjOrFwzn5Qg==

"@algolia/requester-node-http@4.22.1":
  version "4.22.1"
  resolved "https://registry.yarnpkg.com/@algolia/requester-node-http/-/requester-node-http-4.22.1.tgz#589a6fa828ad0f325e727a6fcaf4e1a2343cc62b"
  integrity sha512-JfmZ3MVFQkAU+zug8H3s8rZ6h0ahHZL/SpMaSasTCGYR5EEJsCc8SI5UZ6raPN2tjxa5bxS13BRpGSBUens7EA==
  dependencies:
    "@algolia/requester-common" "4.22.1"

"@algolia/transporter@4.22.1":
  version "4.22.1"
  resolved "https://registry.yarnpkg.com/@algolia/transporter/-/transporter-4.22.1.tgz#8843841b857dc021668f31647aa557ff19cd9cb1"
  integrity sha512-kzWgc2c9IdxMa3YqA6TN0NW5VrKYYW/BELIn7vnLyn+U/RFdZ4lxxt9/8yq3DKV5snvoDzzO4ClyejZRdV3lMQ==
  dependencies:
    "@algolia/cache-common" "4.22.1"
    "@algolia/logger-common" "4.22.1"
    "@algolia/requester-common" "4.22.1"

"@ampproject/remapping@^2.2.0":
  version "2.3.0"
  resolved "https://registry.yarnpkg.com/@ampproject/remapping/-/remapping-2.3.0.tgz#ed441b6fa600072520ce18b43d2c8cc8caecc7f4"
  integrity sha512-30iZtAPgz+LTIYoeivqYo853f02jBYSd5uGnGpkFV0M3xOt9aN73erkgYAmZU43x4VfqcnLxW9Kpg3R5LC4YYw==
  dependencies:
    "@jridgewell/gen-mapping" "^0.3.5"
    "@jridgewell/trace-mapping" "^0.3.24"

"@babel/code-frame@^7.0.0", "@babel/code-frame@^7.16.0", "@babel/code-frame@^7.23.5", "@babel/code-frame@^7.24.1", "@babel/code-frame@^7.24.2", "@babel/code-frame@^7.8.3":
  version "7.24.2"
  resolved "https://registry.yarnpkg.com/@babel/code-frame/-/code-frame-7.24.2.tgz#718b4b19841809a58b29b68cde80bc5e1aa6d9ae"
  integrity sha512-y5+tLQyV8pg3fsiln67BVLD1P13Eg4lh5RW9mF0zUuvLrv9uIQ4MCL+CRT+FTsBlBjcIan6PGsLcBN0m3ClUyQ==
  dependencies:
    "@babel/highlight" "^7.24.2"
    picocolors "^1.0.0"

"@babel/compat-data@^7.22.6", "@babel/compat-data@^7.23.5", "@babel/compat-data@^7.24.1":
  version "7.24.1"
  resolved "https://registry.yarnpkg.com/@babel/compat-data/-/compat-data-7.24.1.tgz#31c1f66435f2a9c329bb5716a6d6186c516c3742"
  integrity sha512-Pc65opHDliVpRHuKfzI+gSA4zcgr65O4cl64fFJIWEEh8JoHIHh0Oez1Eo8Arz8zq/JhgKodQaxEwUPRtZylVA==

"@babel/core@^7.19.6", "@babel/core@^7.23.3":
  version "7.24.3"
  resolved "https://registry.yarnpkg.com/@babel/core/-/core-7.24.3.tgz#568864247ea10fbd4eff04dda1e05f9e2ea985c3"
  integrity sha512-5FcvN1JHw2sHJChotgx8Ek0lyuh4kCKelgMTTqhYJJtloNvUfpAFMeNQUtdlIaktwrSV9LtCdqwk48wL2wBacQ==
  dependencies:
    "@ampproject/remapping" "^2.2.0"
    "@babel/code-frame" "^7.24.2"
    "@babel/generator" "^7.24.1"
    "@babel/helper-compilation-targets" "^7.23.6"
    "@babel/helper-module-transforms" "^7.23.3"
    "@babel/helpers" "^7.24.1"
    "@babel/parser" "^7.24.1"
    "@babel/template" "^7.24.0"
    "@babel/traverse" "^7.24.1"
    "@babel/types" "^7.24.0"
    convert-source-map "^2.0.0"
    debug "^4.1.0"
    gensync "^1.0.0-beta.2"
    json5 "^2.2.3"
    semver "^6.3.1"

"@babel/generator@^7.23.3", "@babel/generator@^7.24.1":
  version "7.24.1"
  resolved "https://registry.yarnpkg.com/@babel/generator/-/generator-7.24.1.tgz#e67e06f68568a4ebf194d1c6014235344f0476d0"
  integrity sha512-DfCRfZsBcrPEHUfuBMgbJ1Ut01Y/itOs+hY2nFLgqsqXd52/iSiVq5TITtUasIUgm+IIKdY2/1I7auiQOEeC9A==
  dependencies:
    "@babel/types" "^7.24.0"
    "@jridgewell/gen-mapping" "^0.3.5"
    "@jridgewell/trace-mapping" "^0.3.25"
    jsesc "^2.5.1"

"@babel/helper-annotate-as-pure@^7.22.5":
  version "7.22.5"
  resolved "https://registry.yarnpkg.com/@babel/helper-annotate-as-pure/-/helper-annotate-as-pure-7.22.5.tgz#e7f06737b197d580a01edf75d97e2c8be99d3882"
  integrity sha512-LvBTxu8bQSQkcyKOU+a1btnNFQ1dMAd0R6PyW3arXes06F6QLWLIrd681bxRPIXlrMGR3XYnW9JyML7dP3qgxg==
  dependencies:
    "@babel/types" "^7.22.5"

"@babel/helper-builder-binary-assignment-operator-visitor@^7.22.15":
  version "7.22.15"
  resolved "https://registry.yarnpkg.com/@babel/helper-builder-binary-assignment-operator-visitor/-/helper-builder-binary-assignment-operator-visitor-7.22.15.tgz#5426b109cf3ad47b91120f8328d8ab1be8b0b956"
  integrity sha512-QkBXwGgaoC2GtGZRoma6kv7Szfv06khvhFav67ZExau2RaXzy8MpHSMO2PNoP2XtmQphJQRHFfg77Bq731Yizw==
  dependencies:
    "@babel/types" "^7.22.15"

"@babel/helper-compilation-targets@^7.22.6", "@babel/helper-compilation-targets@^7.23.6":
  version "7.23.6"
  resolved "https://registry.yarnpkg.com/@babel/helper-compilation-targets/-/helper-compilation-targets-7.23.6.tgz#4d79069b16cbcf1461289eccfbbd81501ae39991"
  integrity sha512-9JB548GZoQVmzrFgp8o7KxdgkTGm6xs9DW0o/Pim72UDjzr5ObUQ6ZzYPqA+g9OTS2bBQoctLJrky0RDCAWRgQ==
  dependencies:
    "@babel/compat-data" "^7.23.5"
    "@babel/helper-validator-option" "^7.23.5"
    browserslist "^4.22.2"
    lru-cache "^5.1.1"
    semver "^6.3.1"

"@babel/helper-create-class-features-plugin@^7.24.1":
  version "7.24.1"
  resolved "https://registry.yarnpkg.com/@babel/helper-create-class-features-plugin/-/helper-create-class-features-plugin-7.24.1.tgz#db58bf57137b623b916e24874ab7188d93d7f68f"
  integrity sha512-1yJa9dX9g//V6fDebXoEfEsxkZHk3Hcbm+zLhyu6qVgYFLvmTALTeV+jNU9e5RnYtioBrGEOdoI2joMSNQ/+aA==
  dependencies:
    "@babel/helper-annotate-as-pure" "^7.22.5"
    "@babel/helper-environment-visitor" "^7.22.20"
    "@babel/helper-function-name" "^7.23.0"
    "@babel/helper-member-expression-to-functions" "^7.23.0"
    "@babel/helper-optimise-call-expression" "^7.22.5"
    "@babel/helper-replace-supers" "^7.24.1"
    "@babel/helper-skip-transparent-expression-wrappers" "^7.22.5"
    "@babel/helper-split-export-declaration" "^7.22.6"
    semver "^6.3.1"

"@babel/helper-create-regexp-features-plugin@^7.18.6", "@babel/helper-create-regexp-features-plugin@^7.22.15", "@babel/helper-create-regexp-features-plugin@^7.22.5":
  version "7.22.15"
  resolved "https://registry.yarnpkg.com/@babel/helper-create-regexp-features-plugin/-/helper-create-regexp-features-plugin-7.22.15.tgz#5ee90093914ea09639b01c711db0d6775e558be1"
  integrity sha512-29FkPLFjn4TPEa3RE7GpW+qbE8tlsu3jntNYNfcGsc49LphF1PQIiD+vMZ1z1xVOKt+93khA9tc2JBs3kBjA7w==
  dependencies:
    "@babel/helper-annotate-as-pure" "^7.22.5"
    regexpu-core "^5.3.1"
    semver "^6.3.1"

"@babel/helper-define-polyfill-provider@^0.6.1":
  version "0.6.1"
  resolved "https://registry.yarnpkg.com/@babel/helper-define-polyfill-provider/-/helper-define-polyfill-provider-0.6.1.tgz#fadc63f0c2ff3c8d02ed905dcea747c5b0fb74fd"
  integrity sha512-o7SDgTJuvx5vLKD6SFvkydkSMBvahDKGiNJzG22IZYXhiqoe9efY7zocICBgzHV4IRg5wdgl2nEL/tulKIEIbA==
  dependencies:
    "@babel/helper-compilation-targets" "^7.22.6"
    "@babel/helper-plugin-utils" "^7.22.5"
    debug "^4.1.1"
    lodash.debounce "^4.0.8"
    resolve "^1.14.2"

"@babel/helper-environment-visitor@^7.22.20":
  version "7.22.20"
  resolved "https://registry.yarnpkg.com/@babel/helper-environment-visitor/-/helper-environment-visitor-7.22.20.tgz#96159db61d34a29dba454c959f5ae4a649ba9167"
  integrity sha512-zfedSIzFhat/gFhWfHtgWvlec0nqB9YEIVrpuwjruLlXfUSnA8cJB0miHKwqDnQ7d32aKo2xt88/xZptwxbfhA==

"@babel/helper-function-name@^7.22.5", "@babel/helper-function-name@^7.23.0":
  version "7.23.0"
  resolved "https://registry.yarnpkg.com/@babel/helper-function-name/-/helper-function-name-7.23.0.tgz#1f9a3cdbd5b2698a670c30d2735f9af95ed52759"
  integrity sha512-OErEqsrxjZTJciZ4Oo+eoZqeW9UIiOcuYKRJA4ZAgV9myA+pOXhhmpfNCKjEH/auVfEYVFJ6y1Tc4r0eIApqiw==
  dependencies:
    "@babel/template" "^7.22.15"
    "@babel/types" "^7.23.0"

"@babel/helper-hoist-variables@^7.22.5":
  version "7.22.5"
  resolved "https://registry.yarnpkg.com/@babel/helper-hoist-variables/-/helper-hoist-variables-7.22.5.tgz#c01a007dac05c085914e8fb652b339db50d823bb"
  integrity sha512-wGjk9QZVzvknA6yKIUURb8zY3grXCcOZt+/7Wcy8O2uctxhplmUPkOdlgoNhmdVee2c92JXbf1xpMtVNbfoxRw==
  dependencies:
    "@babel/types" "^7.22.5"

"@babel/helper-member-expression-to-functions@^7.23.0":
  version "7.23.0"
  resolved "https://registry.yarnpkg.com/@babel/helper-member-expression-to-functions/-/helper-member-expression-to-functions-7.23.0.tgz#9263e88cc5e41d39ec18c9a3e0eced59a3e7d366"
  integrity sha512-6gfrPwh7OuT6gZyJZvd6WbTfrqAo7vm4xCzAXOusKqq/vWdKXphTpj5klHKNmRUU6/QRGlBsyU9mAIPaWHlqJA==
  dependencies:
    "@babel/types" "^7.23.0"

"@babel/helper-module-imports@^7.22.15", "@babel