# THIS IS AN AUTOGENERATED FILE. DO NOT EDIT THIS FILE DIRECTLY.
# yarn lockfile v1


"@algolia/autocomplete-core@1.9.3":
  version "1.9.3"
  resolved "https://registry.yarnpkg.com/@algolia/autocomplete-core/-/autocomplete-core-1.9.3.tgz#1d56482a768c33aae0868c8533049e02e8961be7"
  integrity sha512-009HdfugtGCdC4JdXUbVJClA0q0zh24yyePn+KUGk3rP7j8FEe/m5Yo/z65gn6nP/cM39PxpzqKrL7A6fP6PPw==
  dependencies:
    "@algolia/autocomplete-plugin-algolia-insights" "1.9.3"
    "@algolia/autocomplete-shared" "1.9.3"

"@algolia/autocomplete-plugin-algolia-insights@1.9.3":
  version "1.9.3"
  resolved "https://registry.yarnpkg.com/@algolia/autocomplete-plugin-algolia-insights/-/autocomplete-plugin-algolia-insights-1.9.3.tgz#9b7f8641052c8ead6d66c1623d444cbe19dde587"
  integrity sha512-a/yTUkcO/Vyy+JffmAnTWbr4/90cLzw+CC3bRbhnULr/EM0fGNvM13oQQ14f2moLMcVDyAx/leczLlAOovhSZg==
  dependencies:
    "@algolia/autocomplete-shared" "1.9.3"

"@algolia/autocomplete-preset-algolia@1.9.3":
  version "1.9.3"
  resolved "https://registry.yarnpkg.com/@algolia/autocomplete-preset-algolia/-/autocomplete-preset-algolia-1.9.3.tgz#64cca4a4304cfcad2cf730e83067e0c1b2f485da"
  integrity sha512-d4qlt6YmrLMYy95n5TB52wtNDr6EgAIPH81dvvvW8UmuWRgxEtY0NJiPwl/h95JtG2vmRM804M0DSwMCNZlzRA==
  dependencies:
    "@algolia/autocomplete-shared" "1.9.3"

"@algolia/autocomplete-shared@1.9.3":
  version "1.9.3"
  resolved "https://registry.yarnpkg.com/@algolia/autocomplete-shared/-/autocomplete-shared-1.9.3.tgz#2e22e830d36f0a9cf2c0ccd3c7f6d59435b77dfa"
  integrity sha512-Wnm9E4Ye6Rl6sTTqjoymD+l8DjSTHsHboVRYrKgEt8Q7UHm9nYbqhN/i0fhUYA3OAEH7WA8x3jfpnmJm3rKvaQ==

"@algolia/cache-browser-local-storage@4.22.1":
  version "4.22.1"
  resolved "https://registry.yarnpkg.com/@algolia/cache-browser-local-storage/-/cache-browser-local-storage-4.22.1.tgz#14b6dc9abc9e3a304a5fffb063d15f30af1032d1"
  integrity sha512-Sw6IAmOCvvP6QNgY9j+Hv09mvkvEIDKjYW8ow0UDDAxSXy664RBNQk3i/0nt7gvceOJ6jGmOTimaZoY1THmU7g==
  dependencies:
    "@algolia/cache-common" "4.22.1"

"@algolia/cache-common@4.22.1":
  version "4.22.1"
  resolved "https://registry.yarnpkg.com/@algolia/cache-common/-/cache-common-4.22.1.tgz#c625dff4bc2a74e79f9aed67b4e053b0ef1b3ec1"
  integrity sha512-TJMBKqZNKYB9TptRRjSUtevJeQVXRmg6rk9qgFKWvOy8jhCPdyNZV1nB3SKGufzvTVbomAukFR8guu/8NRKBTA==

"@algolia/cache-in-memory@4.22.1":
  version "4.22.1"
  resolved "https://registry.yarnpkg.com/@algolia/cache-in-memory/-/cache-in-memory-4.22.1.tgz#858a3d887f521362e87d04f3943e2810226a0d71"
  integrity sha512-ve+6Ac2LhwpufuWavM/aHjLoNz/Z/sYSgNIXsinGofWOysPilQZPUetqLj8vbvi+DHZZaYSEP9H5SRVXnpsNNw==
  dependencies:
    "@algolia/cache-common" "4.22.1"

"@algolia/client-account@4.22.1":
  version "4.22.1"
  resolved "https://registry.yarnpkg.com/@algolia/client-account/-/client-account-4.22.1.tgz#a7fb8b66b9a4f0a428e1426b2561144267d76d43"
  integrity sha512-k8m+oegM2zlns/TwZyi4YgCtyToackkOpE+xCaKCYfBfDtdGOaVZCM5YvGPtK+HGaJMIN/DoTL8asbM3NzHonw==
  dependencies:
    "@algolia/client-common" "4.22.1"
    "@algolia/client-search" "4.22.1"
    "@algolia/transporter" "4.22.1"

"@algolia/client-analytics@4.22.1":
  version "4.22.1"
  resolved "https://registry.yarnpkg.com/@algolia/client-analytics/-/client-analytics-4.22.1.tgz#506558740b4d49b1b1e3393861f729a8ce921851"
  integrity sha512-1ssi9pyxyQNN4a7Ji9R50nSdISIumMFDwKNuwZipB6TkauJ8J7ha/uO60sPJFqQyqvvI+px7RSNRQT3Zrvzieg==
  dependencies:
    "@algolia/client-common" "4.22.1"
    "@algolia/client-search" "4.22.1"
    "@algolia/requester-common" "4.22.1"
    "@algolia/transporter" "4.22.1"

"@algolia/client-common@4.22.1":
  version "4.22.1"
  resolved "https://registry.yarnpkg.com/@algolia/client-common/-/client-common-4.22.1.tgz#042b19c1b6157c485fa1b551349ab313944d2b05"
  integrity sha512-IvaL5v9mZtm4k4QHbBGDmU3wa/mKokmqNBqPj0K7lcR8ZDKzUorhcGp/u8PkPC/e0zoHSTvRh7TRkGX3Lm7iOQ==
  dependencies:
    "@algolia/requester-common" "4.22.1"
    "@algolia/transporter" "4.22.1"

"@algolia/client-personalization@4.22.1":
  version "4.22.1"
  resolved "https://registry.yarnpkg.com/@algolia/client-personalization/-/client-personalization-4.22.1.tgz#ff088d797648224fb582e9fe5828f8087835fa3d"
  integrity sha512-sl+/klQJ93+4yaqZ7ezOttMQ/nczly/3GmgZXJ1xmoewP5jmdP/X/nV5U7EHHH3hCUEHeN7X1nsIhGPVt9E1cQ==
  dependencies:
    "@algolia/client-common" "4.22.1"
    "@algolia/requester-common" "4.22.1"
    "@algolia/transporter" "4.22.1"

"@algolia/client-search@4.22.1":
  version "4.22.1"
  resolved "https://registry.yarnpkg.com/@algolia/client-search/-/client-search-4.22.1.tgz#508cc6ab3d1f4e9c02735a630d4dff6fbb8514a2"
  integrity sha512-yb05NA4tNaOgx3+rOxAmFztgMTtGBi97X7PC3jyNeGiwkAjOZc2QrdZBYyIdcDLoI09N0gjtpClcackoTN0gPA==
  dependencies:
    "@algolia/client-common" "4.22.1"
    "@algolia/requester-common" "4.22.1"
    "@algolia/transporter" "4.22.1"

"@algolia/events@^4.0.1":
  version "4.0.1"
  resolved "https://registry.yarnpkg.com/@algolia/events/-/events-4.0.1.tgz#fd39e7477e7bc703d7f893b556f676c032af3950"
  integrity sha512-FQzvOCgoFXAbf5Y6mYozw2aj5KCJoA3m4heImceldzPSMbdyS4atVjJzXKMsfX3wnZTFYwkkt8/z8UesLHlSBQ==

"@algolia/logger-common@4.22.1":
  version "4.22.1"
  resolved "https://registry.yarnpkg.com/@algolia/logger-common/-/logger-common-4.22.1.tgz#79cf4cd295de0377a94582c6aaac59b1ded731d9"
  integrity sha512-OnTFymd2odHSO39r4DSWRFETkBufnY2iGUZNrMXpIhF5cmFE8pGoINNPzwg02QLBlGSaLqdKy0bM8S0GyqPLBg==

"@algolia/logger-console@4.22.1":
  version "4.22.1"
  resolved "https://registry.yarnpkg.com/@algolia/logger-console/-/logger-console-4.22.1.tgz#0355345f6940f67aaa78ae9b81c06e44e49f2336"
  integrity sha512-O99rcqpVPKN1RlpgD6H3khUWylU24OXlzkavUAMy6QZd1776QAcauE3oP8CmD43nbaTjBexZj2nGsBH9Tc0FVA==
  dependencies:
    "@algolia/logger-common" "4.22.1"

"@algolia/requester-browser-xhr@4.22.1":
  version "4.22.1"
  resolved "https://registry.yarnpkg.com/@algolia/requester-browser-xhr/-/requester-browser-xhr-4.22.1.tgz#f04df6fe9690a071b267c77d26b83a3be9280361"
  integrity sha512-dtQGYIg6MteqT1Uay3J/0NDqD+UciHy3QgRbk7bNddOJu+p3hzjTRYESqEnoX/DpEkaNYdRHUKNylsqMpgwaEw==
  dependencies:
    "@algolia/requester-common" "4.22.1"

"@algolia/requester-common@4.22.1":
  version "4.22.1"
  resolved "https://registry.yarnpkg.com/@algolia/requester-common/-/requester-common-4.22.1.tgz#27be35f3718aafcb6b388ff9c3aa2defabd559ff"
  integrity sha512-dgvhSAtg2MJnR+BxrIFqlLtkLlVVhas9HgYKMk2Uxiy5m6/8HZBL40JVAMb2LovoPFs9I/EWIoFVjOrFwzn5Qg==

"@algolia/requester-node-http@4.22.1":
  version "4.22.1"
  resolved "https://registry.yarnpkg.com/@algolia/requester-node-http/-/requester-node-http-4.22.1.tgz#589a6fa828ad0f325e727a6fcaf4e1a2343cc62b"
  integrity sha512-JfmZ3MVFQkAU+zug8H3s8rZ6h0ahHZL/SpMaSasTCGYR5EEJsCc8SI5UZ6raPN2tjxa5bxS13BRpGSBUens7EA==
  dependencies:
    "@algolia/requester-common" "4.22.1"

"@algolia/transporter@4.22.1":
  version "4.22.1"
  resolved "https://registry.yarnpkg.com/@algolia/transporter/-/transporter-4.22.1.tgz#8843841b857dc021668f31647aa557ff19cd9cb1"
  integrity sha512-kzWgc2c9IdxMa3YqA6TN0NW5VrKYYW/BELIn7vnLyn+U/RFdZ4lxxt9/8yq3DKV5snvoDzzO4ClyejZRdV3lMQ==
  dependencies:
    "@algolia/cache-common" "4.22.1"
    "@algolia/logger-common" "4.22.1"
    "@algolia/requester-common" "4.22.1"

"@ampproject/remapping@^2.2.0":
  version "2.3.0"
  resolved "https://registry.yarnpkg.com/@ampproject/remapping/-/remapping-2.3.0.tgz#ed441b6fa600072520ce18b43d2c8cc8caecc7f4"
  integrity sha512-30iZtAPgz+LTIYoeivqYo853f02jBYSd5uGnGpkFV0M3xOt9aN73erkgYAmZU43x4VfqcnLxW9Kpg3R5LC4YYw==
  dependencies:
    "@jridgewell/gen-mapping" "^0.3.5"
    "@jridgewell/trace-mapping" "^0.3.24"

"@babel/code-frame@^7.0.0", "@babel/code-frame@^7.16.0", "@babel/code-frame@^7.23.5", "@babel/code-frame@^7.24.1", "@babel/code-frame@^7.24.2", "@babel/code-frame@^7.8.3":
  version "7.24.2"
  resolved "https://registry.yarnpkg.com/@babel/code-frame/-/code-frame-7.24.2.tgz#718b4b19841809a58b29b68cde80bc5e1aa6d9ae"
  integrity sha512-y5+tLQyV8pg3fsiln67BVLD1P13Eg4lh5RW9mF0zUuvLrv9uIQ4MCL+CRT+FTsBlBjcIan6PGsLcBN0m3ClUyQ==
  dependencies:
    "@babel/highlight" "^7.24.2"
    picocolors "^1.0.0"

"@babel/compat-data@^7.22.6", "@babel/compat-data@^7.23.5", "@babel/compat-data@^7.24.1":
  version "7.24.1"
  resolved "https://registry.yarnpkg.com/@babel/compat-data/-/compat-data-7.24.1.tgz#31c1f66435f2a9c329bb5716a6d6186c516c3742"
  integrity sha512-Pc65opHDliVpRHuKfzI+gSA4zcgr65O4cl64fFJIWEEh8JoHIHh0Oez1Eo8Arz8zq/JhgKodQaxEwUPRtZylVA==

"@babel/core@^7.19.6", "@babel/core@^7.23.3":
  version "7.24.3"
  resolved "https://registry.yarnpkg.com/@babel/core/-/core-7.24.3.tgz#568864247ea10fbd4eff04dda1e05f9e2ea985c3"
  integrity sha512-5FcvN1JHw2sHJChotgx8Ek0lyuh4kCKelgMTTqhYJJtloNvUfpAFMeNQUtdlIaktwrSV9LtCdqwk48wL2wBacQ==
  dependencies:
    "@ampproject/remapping" "^2.2.0"
    "@babel/code-frame" "^7.24.2"
    "@babel/generator" "^7.24.1"
    "@babel/helper-compilation-targets" "^7.23.6"
    "@babel/helper-module-transforms" "^7.23.3"
    "@babel/helpers" "^7.24.1"
    "@babel/parser" "^7.24.1"
    "@babel/template" "^7.24.0"
    "@babel/traverse" "^7.24.1"
    "@babel/types" "^7.24.0"
    convert-source-map "^2.0.0"
    debug "^4.1.0"
    gensync "^1.0.0-beta.2"
    json5 "^2.2.3"
    semver "^6.3.1"

"@babel/generator@^7.23.3", "@babel/generator@^7.24.1":
  version "7.24.1"
  resolved "https://registry.yarnpkg.com/@babel/generator/-/generator-7.24.1.tgz#e67e06f68568a4ebf194d1c6014235344f0476d0"
  integrity sha512-DfCRfZsBcrPEHUfuBMgbJ1Ut01Y/itOs+hY2nFLgqsqXd52/iSiVq5TITtUasIUgm+IIKdY2/1I7auiQOEeC9A==
  dependencies:
    "@babel/types" "^7.24.0"
    "@jridgewell/gen-mapping" "^0.3.5"
    "@jridgewell/trace-mapping" "^0.3.25"
    jsesc "^2.5.1"

"@babel/helper-annotate-as-pure@^7.22.5":
  version "7.22.5"
  resolved "https://registry.yarnpkg.com/@babel/helper-annotate-as-pure/-/helper-annotate-as-pure-7.22.5.tgz#e7f06737b197d580a01edf75d97e2c8be99d3882"
  integrity sha512-LvBTxu8bQSQkcyKOU+a1btnNFQ1dMAd0R6PyW3arXes06F6QLWLIrd681bxRPIXlrMGR3XYnW9JyML7dP3qgxg==
  dependencies:
    "@babel/types" "^7.22.5"

"@babel/helper-builder-binary-assignment-operator-visitor@^7.22.15":
  version "7.22.15"
  resolved "https://registry.yarnpkg.com/@babel/helper-builder-binary-assignment-operator-visitor/-/helper-builder-binary-assignment-operator-visitor-7.22.15.tgz#5426b109cf3ad47b91120f8328d8ab1be8b0b956"
  integrity sha512-QkBXwGgaoC2GtGZRoma6kv7Szfv06khvhFav67ZExau2RaXzy8MpHSMO2PNoP2XtmQphJQRHFfg77Bq731Yizw==
  dependencies:
    "@babel/types" "^7.22.15"

"@babel/helper-compilation-targets@^7.22.6", "@babel/helper-compilation-targets@^7.23.6":
  version "7.23.6"
  resolved "https://registry.yarnpkg.com/@babel/helper-compilation-targets/-/helper-compilation-targets-7.23.6.tgz#4d79069b16cbcf1461289eccfbbd81501ae39991"
  integrity sha512-9JB548GZoQVmzrFgp8o7KxdgkTGm6xs9DW0o/Pim72UDjzr5ObUQ6ZzYPqA+g9OTS2bBQoctLJrky0RDCAWRgQ==
  dependencies:
    "@babel/compat-data" "^7.23.5"
    "@babel/helper-validator-option" "^7.23.5"
    browserslist "^4.22.2"
    lru-cache "^5.1.1"
    semver "^6.3.1"

"@babel/helper-create-class-features-plugin@^7.24.1":
  version "7.24.1"
  resolved "https://registry.yarnpkg.com/@babel/helper-create-class-features-plugin/-/helper-create-class-features-plugin-7.24.1.tgz#db58bf57137b623b916e24874ab7188d93d7f68f"
  integrity sha512-1yJa9dX9g//V6fDebXoEfEsxkZHk3Hcbm+zLhyu6qVgYFLvmTALTeV+jNU9e5RnYtioBrGEOdoI2joMSNQ/+aA==
  dependencies:
    "@babel/helper-annotate-as-pure" "^7.22.5"
    "@babel/helper-environment-visitor" "^7.22.20"
    "@babel/helper-function-name" "^7.23.0"
    "@babel/helper-member-expression-to-functions" "^7.23.0"
    "@babel/helper-optimise-call-expression" "^7.22.5"
    "@babel/helper-replace-supers" "^7.24.1"
    "@babel/helper-skip-transparent-expression-wrappers" "^7.22.5"
    "@babel/helper-split-export-declaration" "^7.22.6"
    semver "^6.3.1"

"@babel/helper-create-regexp-features-plugin@^7.18.6", "@babel/helper-create-regexp-features-plugin@^7.22.15", "@babel/helper-create-regexp-features-plugin@^7.22.5":
  version "7.22.15"
  resolved "https://registry.yarnpkg.com/@babel/helper-create-regexp-features-plugin/-/helper-create-regexp-features-plugin-7.22.15.tgz#5ee90093914ea09639b01c711db0d6775e558be1"
  integrity sha512-29FkPLFjn4TPEa3RE7GpW+qbE8tlsu3jntNYNfcGsc49LphF1PQIiD+vMZ1z1xVOKt+93khA9tc2JBs3kBjA7w==
  dependencies:
    "@babel/helper-annotate-as-pure" "^7.22.5"
    regexpu-core "^5.3.1"
    semver "^6.3.1"

"@babel/helper-define-polyfill-provider@^0.6.1":
  version "0.6.1"
  resolved "https://registry.yarnpkg.com/@babel/helper-define-polyfill-provider/-/helper-define-polyfill-provider-0.6.1.tgz#fadc63f0c2ff3c8d02ed905dcea747c5b0fb74fd"
  integrity sha512-o7SDgTJuvx5vLKD6SFvkydkSMBvahDKGiNJzG22IZYXhiqoe9efY7zocICBgzHV4IRg5wdgl2nEL/tulKIEIbA==
  dependencies:
    "@babel/helper-compilation-targets" "^7.22.6"
    "@babel/helper-plugin-utils" "^7.22.5"
    debug "^4.1.1"
    lodash.debounce "^4.0.8"
    resolve "^1.14.2"

"@babel/helper-environment-visitor@^7.22.20":
  version "7.22.20"
  resolved "https://registry.yarnpkg.com/@babel/helper-environment-visitor/-/helper-environment-visitor-7.22.20.tgz#96159db61d34a29dba454c959f5ae4a649ba9167"
  integrity sha512-zfedSIzFhat/gFhWfHtgWvlec0nqB9YEIVrpuwjruLlXfUSnA8cJB0miHKwqDnQ7d32aKo2xt88/xZptwxbfhA==

"@babel/helper-function-name@^7.22.5", "@babel/helper-function-name@^7.23.0":
  version "7.23.0"
  resolved "https://registry.yarnpkg.com/@babel/helper-function-name/-/helper-function-name-7.23.0.tgz#1f9a3cdbd5b2698a670c30d2735f9af95ed52759"
  integrity sha512-OErEqsrxjZTJciZ4Oo+eoZqeW9UIiOcuYKRJA4ZAgV9myA+pOXhhmpfNCKjEH/auVfEYVFJ6y1Tc4r0eIApqiw==
  dependencies:
    "@babel/template" "^7.22.15"
    "@babel/types" "^7.23.0"

"@babel/helper-hoist-variables@^7.22.5":
  version "7.22.5"
  resolved "https://registry.yarnpkg.com/@babel/helper-hoist-variables/-/helper-hoist-variables-7.22.5.tgz#c01a007dac05c085914e8fb652b339db50d823bb"
  integrity sha512-wGjk9QZVzvknA6yKIUURb8zY3grXCcOZt+/7Wcy8O2uctxhplmUPkOdlgoNhmdVee2c92JXbf1xpMtVNbfoxRw==
  dependencies:
    "@babel/types" "^7.22.5"

"@babel/helper-member-expression-to-functions@^7.23.0":
  version "7.23.0"
  resolved "https://registry.yarnpkg.com/@babel/helper-member-expression-to-functions/-/helper-member-expression-to-functions-7.23.0.tgz#9263e88cc5e41d39ec18c9a3e0eced59a3e7d366"
  integrity sha512-6gfrPwh7OuT6gZyJZvd6WbTfrqAo7vm4xCzAXOusKqq/vWdKXphTpj5klHKNmRUU6/QRGlBsyU9mAIPaWHlqJA==
  dependencies:
    "@babel/types" "^7.23.0"

"@babel/helper-module-imports@^7.22.15", "@babel/helper-module-imports@^7.24.1", "@babel/helper-module-imports@^7.24.3":
  version "7.24.3"
  resolved "https://registry.yarnpkg.com/@babel/helper-module-imports/-/helper-module-imports-7.24.3.tgz#6ac476e6d168c7c23ff3ba3cf4f7841d46ac8128"
  integrity sha512-viKb0F9f2s0BCS22QSF308z/+1YWKV/76mwt61NBzS5izMzDPwdq1pTrzf+Li3npBWX9KdQbkeCt1jSAM7lZqg==
  dependencies:
    "@babel/types" "^7.24.0"

"@babel/helper-module-transforms@^7.23.3":
  version "7.23.3"
  resolved "https://registry.yarnpkg.com/@babel/helper-module-transforms/-/helper-module-transforms-7.23.3.tgz#d7d12c3c5d30af5b3c0fcab2a6d5217773e2d0f1"
  integrity sha512-7bBs4ED9OmswdfDzpz4MpWgSrV7FXlc3zIagvLFjS5H+Mk7Snr21vQ6QwrsoCGMfNC4e4LQPdoULEt4ykz0SRQ==
  dependencies:
    "@babel/helper-environment-visitor" "^7.22.20"
    "@babel/helper-module-imports" "^7.22.15"
    "@babel/helper-simple-access" "^7.22.5"
    "@babel/helper-split-export-declaration" "^7.22.6"
    "@babel/helper-validator-identifier" "^7.22.20"

"@babel/helper-optimise-call-expression@^7.22.5":
  version "7.22.5"
  resolved "https://registry.yarnpkg.com/@babel/helper-optimise-call-expression/-/helper-optimise-call-expression-7.22.5.tgz#f21531a9ccbff644fdd156b4077c16ff0c3f609e"
  integrity sha512-HBwaojN0xFRx4yIvpwGqxiV2tUfl7401jlok564NgB9EHS1y6QT17FmKWm4ztqjeVdXLuC4fSvHc5ePpQjoTbw==
  dependencies:
    "@babel/types" "^7.22.5"

"@babel/helper-plugin-utils@^7.0.0", "@babel/helper-plugin-utils@^7.10.4", "@babel/helper-plugin-utils@^7.12.13", "@babel/helper-plugin-utils@^7.14.5", "@babel/helper-plugin-utils@^7.18.6", "@babel/helper-plugin-utils@^7.22.5", "@babel/helper-plugin-utils@^7.24.0", "@babel/helper-plugin-utils@^7.8.0", "@babel/helper-plugin-utils@^7.8.3":
  version "7.24.0"
  resolved "https://registry.yarnpkg.com/@babel/helper-plugin-utils/-/helper-plugin-utils-7.24.0.tgz#945681931a52f15ce879fd5b86ce2dae6d3d7f2a"
  integrity sha512-9cUznXMG0+FxRuJfvL82QlTqIzhVW9sL0KjMPHhAOOvpQGL8QtdxnBKILjBqxlHyliz0yCa1G903ZXI/FuHy2w==

"@babel/helper-remap-async-to-generator@^7.22.20":
  version "7.22.20"
  resolved "https://registry.yarnpkg.com/@babel/helper-remap-async-to-generator/-/helper-remap-async-to-generator-7.22.20.tgz#7b68e1cb4fa964d2996fd063723fb48eca8498e0"
  integrity sha512-pBGyV4uBqOns+0UvhsTO8qgl8hO89PmiDYv+/COyp1aeMcmfrfruz+/nCMFiYyFF/Knn0yfrC85ZzNFjembFTw==
  dependencies:
    "@babel/helper-annotate-as-pure" "^7.22.5"
    "@babel/helper-environment-visitor" "^7.22.20"
    "@babel/helper-wrap-function" "^7.22.20"

"@babel/helper-replace-supers@^7.24.1":
  version "7.24.1"
  resolved "https://registry.yarnpkg.com/@babel/helper-replace-supers/-/helper-replace-supers-7.24.1.tgz#7085bd19d4a0b7ed8f405c1ed73ccb70f323abc1"
  integrity sha512-QCR1UqC9BzG5vZl8BMicmZ28RuUBnHhAMddD8yHFHDRH9lLTZ9uUPehX8ctVPT8l0TKblJidqcgUUKGVrePleQ==
  dependencies:
    "@babel/helper-environment-visitor" "^7.22.20"
    "@babel/helper-member-expression-to-functions" "^7.23.0"
    "@babel/helper-optimise-call-expression" "^7.22.5"

"@babel/helper-simple-access@^7.22.5":
  version "7.22.5"
  resolved "https://registry.yarnpkg.com/@babel/helper-simple-access/-/helper-simple-access-7.22.5.tgz#4938357dc7d782b80ed6dbb03a0fba3d22b1d5de"
  integrity sha512-n0H99E/K+Bika3++WNL17POvo4rKWZ7lZEp1Q+fStVbUi8nxPQEBOlTmCOxW/0JsS56SKKQ+ojAe2pHKJHN35w==
  dependencies:
    "@babel/types" "^7.22.5"

"@babel/helper-skip-transparent-expression-wrappers@^7.22.5":
  version "7.22.5"
  resolved "https://registry.yarnpkg.com/@babel/helper-skip-transparent-expression-wrappers/-/helper-skip-transparent-expression-wrappers-7.22.5.tgz#007f15240b5751c537c40e77abb4e89eeaaa8847"
  integrity sha512-tK14r66JZKiC43p8Ki33yLBVJKlQDFoA8GYN67lWCDCqoL6EMMSuM9b+Iff2jHaM/RRFYl7K+iiru7hbRqNx8Q==
  dependencies:
    "@babel/types" "^7.22.5"

"@babel/helper-split-export-declaration@^7.22.6":
  version "7.22.6"
  resolved "https://registry.yarnpkg.com/@babel/helper-split-export-declaration/-/helper-split-export-declaration-7.22.6.tgz#322c61b7310c0997fe4c323955667f18fcefb91c"
  integrity sha512-AsUnxuLhRYsisFiaJwvp1QF+I3KjD5FOxut14q/GzovUe6orHLesW2C7d754kRm53h5gqrz6sFl6sxc4BVtE/g==
  dependencies:
    "@babel/types" "^7.22.5"

"@babel/helper-string-parser@^7.23.4":
  version "7.24.1"
  resolved "https://registry.yarnpkg.com/@babel/helper-string-parser/-/helper-string-parser-7.24.1.tgz#f99c36d3593db9540705d0739a1f10b5e20c696e"
  integrity sha512-2ofRCjnnA9y+wk8b9IAREroeUP02KHp431N2mhKniy2yKIDKpbrHv9eXwm8cBeWQYcJmzv5qKCu65P47eCF7CQ==

"@babel/helper-validator-identifier@^7.22.20":
  version "7.22.20"
  resolved "https://registry.yarnpkg.com/@babel/helper-validator-identifier/-/helper-validator-identifier-7.22.20.tgz#c4ae002c61d2879e724581d96665583dbc1dc0e0"
  integrity sha512-Y4OZ+ytlatR8AI+8KZfKuL5urKp7qey08ha31L8b3BwewJAoJamTzyvxPR/5D+KkdJCGPq/+8TukHBlY10FX9A==

"@babel/helper-validator-option@^7.23.5":
  version "7.23.5"
  resolved "https://registry.yarnpkg.com/@babel/helper-validator-option/-/helper-validator-option-7.23.5.tgz#907a3fbd4523426285365d1206c423c4c5520307"
  integrity sha512-85ttAOMLsr53VgXkTbkx8oA6YTfT4q7/HzXSLEYmjcSTJPMPQtvq1BD79Byep5xMUYbGRzEpDsjUf3dyp54IKw==

"@babel/helper-wrap-function@^7.22.20":
  version "7.22.20"
  resolved "https://registry.yarnpkg.com/@babel/helper-wrap-function/-/helper-wrap-function-7.22.20.tgz#15352b0b9bfb10fc9c76f79f6342c00e3411a569"
  integrity sha512-pms/UwkOpnQe/PDAEdV/d7dVCoBbB+R4FvYoHGZz+4VPcg7RtYy2KP7S2lbuWM6FCSgob5wshfGESbC/hzNXZw==
  dependencies:
    "@babel/helper-function-name" "^7.22.5"
    "@babel/template" "^7.22.15"
    "@babel/types" "^7.22.19"

"@babel/helpers@^7.24.1":
  version "7.24.1"
  resolved "https://registry.yarnpkg.com/@babel/helpers/-/helpers-7.24.1.tgz#183e44714b9eba36c3038e442516587b1e0a1a94"
  integrity sha512-BpU09QqEe6ZCHuIHFphEFgvNSrubve1FtyMton26ekZ85gRGi6LrTF7zArARp2YvyFxloeiRmtSCq5sjh1WqIg==
  dependencies:
    "@babel/template" "^7.24.0"
    "@babel/traverse" "^7.24.1"
    "@babel/types" "^7.24.0"

"@babel/highlight@^7.24.2":
  version "7.24.2"
  resolved "https://registry.yarnpkg.com/@babel/highlight/-/highlight-7.24.2.tgz#3f539503efc83d3c59080a10e6634306e0370d26"
  integrity sha512-Yac1ao4flkTxTteCDZLEvdxg2fZfz1v8M4QpaGypq/WPDqg3ijHYbDfs+LG5hvzSoqaSZ9/Z9lKSP3CjZjv+pA==
  dependencies:
    "@babel/helper-validator-identifier" "^7.22.20"
    chalk "^2.4.2"
    js-tokens "^4.0.0"
    picocolors "^1.0.0"

"@babel/parser@^7.22.7", "@babel/parser@^7.24.0", "@babel/parser@^7.24.1":
  version "7.24.1"
  resolved "https://registry.yarnpkg.com/@babel/parser/-/parser-7.24.1.tgz#1e416d3627393fab1cb5b0f2f1796a100ae9133a"
  integrity sha512-Zo9c7N3xdOIQrNip7Lc9wvRPzlRtovHVE4lkz8WEDr7uYh/GMQhSiIgFxGIArRHYdJE5kxtZjAf8rT0xhdLCzg==

"@babel/plugin-bugfix-safari-id-destructuring-collision-in-function-expression@^7.24.1":
  version "7.24.1"
  resolved "https://registry.yarnpkg.com/@babel/plugin-bugfix-safari-id-destructuring-collision-in-function-expression/-/plugin-bugfix-safari-id-destructuring-collision-in-function-expression-7.24.1.tgz#b645d9ba8c2bc5b7af50f0fe949f9edbeb07c8cf"
  integrity sha512-y4HqEnkelJIOQGd+3g1bTeKsA5c6qM7eOn7VggGVbBc0y8MLSKHacwcIE2PplNlQSj0PqS9rrXL/nkPVK+kUNg==
  dependencies:
    "@babel/helper-plugin-utils" "^7.24.0"

"@babel/plugin-bugfix-v8-spread-parameters-in-optional-chaining@^7.24.1":
  version "7.24.1"
  resolved "https://registry.yarnpkg.com/@babel/plugin-bugfix-v8-spread-parameters-in-optional-chaining/-/plugin-bugfix-v8-spread-parameters-in-optional-chaining-7.24.1.tgz#da8261f2697f0f41b0855b91d3a20a1fbfd271d3"
  integrity sha512-Hj791Ii4ci8HqnaKHAlLNs+zaLXb0EzSDhiAWp5VNlyvCNymYfacs64pxTxbH1znW/NcArSmwpmG9IKE/TUVVQ==
  dependencies:
    "@babel/helper-plugin-utils" "^7.24.0"
    "@babel/helper-skip-transparent-expression-wrappers" "^7.22.5"
    "@babel/plugin-transform-optional-chaining" "^7.24.1"

"@babel/plugin-bugfix-v8-static-class-fields-redefine-readonly@^7.24.1":
  version "7.24.1"
  resolved "https://registry.yarnpkg.com/@babel/plugin-bugfix-v8-static-class-fields-redefine-readonly/-/plugin-bugfix-v8-static-class-fields-redefine-readonly-7.24.1.tgz#1181d9685984c91d657b8ddf14f0487a6bab2988"
  integrity sha512-m9m/fXsXLiHfwdgydIFnpk+7jlVbnvlK5B2EKiPdLUb6WX654ZaaEWJUjk8TftRbZpK0XibovlLWX4KIZhV6jw==
  dependencies:
    "@babel/helper-environment-visitor" "^7.22.20"
    "@babel/helper-plugin-utils" "^7.24.0"

"@babel/plugin-proposal-private-property-in-object@7.21.0-placeholder-for-preset-env.2":
  version "7.21.0-placeholder-for-preset-env.2"
  resolved "https://registry.yarnpkg.com/@babel/plugin-proposal-private-property-in-object/-/plugin-proposal-private-property-in-object-7.21.0-placeholder-for-preset-env.2.tgz#7844f9289546efa9febac2de4cfe358a050bd703"
  integrity sha512-SOSkfJDddaM7mak6cPEpswyTRnuRltl429hMraQEglW+OkovnCzsiszTmsrlY//qLFjCpQDFRvjdm2wA5pPm9w==

"@babel/plugin-syntax-async-generators@^7.8.4":
  version "7.8.4"
  resolved "https://registry.yarnpkg.com/@babel/plugin-syntax-async-generators/-/plugin-syntax-async-generators-7.8.4.tgz#a983fb1aeb2ec3f6ed042a210f640e90e786fe0d"
  integrity sha512-tycmZxkGfZaxhMRbXlPXuVFpdWlXpir2W4AMhSJgRKzk/eDlIXOhb2LHWoLpDF7TEHylV5zNhykX6KAgHJmTNw==
  dependencies:
    "@babel/helper-plugin-utils" "^7.8.0"

"@babel/plugin-syntax-class-properties@^7.12.13":
  version "7.12.13"
  resolved "https://registry.yarnpkg.com/@babel/plugin-syntax-class-properties/-/plugin-syntax-class-properties-7.12.13.tgz#b5c987274c4a3a82b89714796931a6b53544ae10"
  integrity sha512-fm4idjKla0YahUNgFNLCB0qySdsoPiZP3iQE3rky0mBUtMZ23yDJ9SJdg6dXTSDnulOVqiF3Hgr9nbXvXTQZYA==
  dependencies:
    "@babel/helper-plugin-utils" "^7.12.13"

"@babel/plugin-syntax-class-static-block@^7.14.5":
  version "7.14.5"
  resolved "https://registry.yarnpkg.com/@babel/plugin-syntax-class-static-block/-/plugin-syntax-class-static-block-7.14.5.tgz#195df89b146b4b78b3bf897fd7a257c84659d406"
  integrity sha512-b+YyPmr6ldyNnM6sqYeMWE+bgJcJpO6yS4QD7ymxgH34GBPNDM/THBh8iunyvKIZztiwLH4CJZ0RxTk9emgpjw==
  dependencies:
    "@babel/helper-plugin-utils" "^7.14.5"

"@babel/plugin-syntax-dynamic-import@^7.8.3":
  version "7.8.3"
  resolved "https://registry.yarnpkg.com/@babel/plugin-syntax-dynamic-import/-/plugin-syntax-dynamic-import-7.8.3.tgz#62bf98b2da3cd21d626154fc96ee5b3cb68eacb3"
  integrity sha512-5gdGbFon+PszYzqs83S3E5mpi7/y/8M9eC90MRTZfduQOYW76ig6SOSPNe41IG5LoP3FGBn2N0RjVDSQiS94kQ==
  dependencies:
    "@babel/helper-plugin-utils" "^7.8.0"

"@babel/plugin-syntax-export-namespace-from@^7.8.3":
  version "7.8.3"
  resolved "https://registry.yarnpkg.com/@babel/plugin-syntax-export-namespace-from/-/plugin-syntax-export-namespace-from-7.8.3.tgz#028964a9ba80dbc094c915c487ad7c4e7a66465a"
  integrity sha512-MXf5laXo6c1IbEbegDmzGPwGNTsHZmEy6QGznu5Sh2UCWvueywb2ee+CCE4zQiZstxU9BMoQO9i6zUFSY0Kj0Q==
  dependencies:
    "@babel/helper-plugin-utils" "^7.8.3"

"@babel/plugin-syntax-import-assertions@^7.24.1":
  version "7.24.1"
  resolved "https://registry.yarnpkg.com/@babel/plugin-syntax-import-assertions/-/plugin-syntax-import-assertions-7.24.1.tgz#db3aad724153a00eaac115a3fb898de544e34971"
  integrity sha512-IuwnI5XnuF189t91XbxmXeCDz3qs6iDRO7GJ++wcfgeXNs/8FmIlKcpDSXNVyuLQxlwvskmI3Ct73wUODkJBlQ==
  dependencies:
    "@babel/helper-plugin-utils" "^7.24.0"

"@babel/plugin-syntax-import-attributes@^7.24.1":
  version "7.24.1"
  resolved "https://registry.yarnpkg.com/@babel/plugin-syntax-import-attributes/-/plugin-syntax-import-attributes-7.24.1.tgz#c66b966c63b714c4eec508fcf5763b1f2d381093"
  integrity sha512-zhQTMH0X2nVLnb04tz+s7AMuasX8U0FnpE+nHTOhSOINjWMnopoZTxtIKsd45n4GQ/HIZLyfIpoul8e2m0DnRA==
  dependencies:
    "@babel/helper-plugin-utils" "^7.24.0"

"@babel/plugin-syntax-import-meta@^7.10.4":
  version "7.10.4"
  resolved "https://registry.yarnpkg.com/@babel/plugin-syntax-import-meta/-/plugin-syntax-import-meta-7.10.4.tgz#ee601348c370fa334d2207be158777496521fd51"
  integrity sha512-Yqfm+XDx0+Prh3VSeEQCPU81yC+JWZ2pDPFSS4ZdpfZhp4MkFMaDC1UqseovEKwSUpnIL7+vK+Clp7bfh0iD7g==
  dependencies:
    "@babel/helper-plugin-utils" "^7.10.4"

"@babel/plugin-syntax-json-strings@^7.8.3":
  version "7.8.3"
  resolved "https://registry.yarnpkg.com/@babel/plugin-syntax-json-strings/-/plugin-syntax-json-strings-7.8.3.tgz#01ca21b668cd8218c9e640cb6dd88c5412b2c96a"
  integrity sha512-lY6kdGpWHvjoe2vk4WrAapEuBR69EMxZl+RoGRhrFGNYVK8mOPAW8VfbT/ZgrFbXlDNiiaxQnAtgVCZ6jv30EA==
  dependencies:
    "@babel/helper-plugin-utils" "^7.8.0"

"@babel/plugin-syntax-jsx@^7.23.3", "@babel/plugin-syntax-jsx@^7.24.1":
  version "7.24.1"
  resolved "https://registry.yarnpkg.com/@babel/plugin-syntax-jsx/-/plugin-syntax-jsx-7.24.1.tgz#3f6ca04b8c841811dbc3c5c5f837934e0d626c10"
  integrity sha512-2eCtxZXf+kbkMIsXS4poTvT4Yu5rXiRa+9xGVT56raghjmBTKMpFNc9R4IDiB4emao9eO22Ox7CxuJG7BgExqA==
  dependencies:
    "@babel/helper-plugin-utils" "^7.24.0"

"@babel/plugin-syntax-logical-assignment-operators@^7.10.4":
  version "7.10.4"
  resolved "https://registry.yarnpkg.com/@babel/plugin-syntax-logical-assignment-operators/-/plugin-syntax-logical-assignment-operators-7.10.4.tgz#ca91ef46303530448b906652bac2e9fe9941f699"
  integrity sha512-d8waShlpFDinQ5MtvGU9xDAOzKH47+FFoney2baFIoMr952hKOLp1HR7VszoZvOsV/4+RRszNY7D17ba0te0ig==
  dependencies:
    "@babel/helper-plugin-utils" "^7.10.4"

"@babel/plugin-syntax-nullish-coalescing-operator@^7.8.3":
  version "7.8.3"
  resolved "https://registry.yarnpkg.com/@babel/plugin-syntax-nullish-coalescing-operator/-/plugin-syntax-nullish-coalescing-operator-7.8.3.tgz#167ed70368886081f74b5c36c65a88c03b66d1a9"
  integrity sha512-aSff4zPII1u2QD7y+F8oDsz19ew4IGEJg9SVW+bqwpwtfFleiQDMdzA/R+UlWDzfnHFCxxleFT0PMIrR36XLNQ==
  dependencies:
    "@babel/helper-plugin-utils" "^7.8.0"

"@babel/plugin-syntax-numeric-separator@^7.10.4":
  version "7.10.4"
  resolved "https://registry.yarnpkg.com/@babel/plugin-syntax-numeric-separator/-/plugin-syntax-numeric-separator-7.10.4.tgz#b9b070b3e33570cd9fd07ba7fa91c0dd37b9af97"
  integrity sha512-9H6YdfkcK/uOnY/K7/aA2xpzaAgkQn37yzWUMRK7OaPOqOpGS1+n0H5hxT9AUw9EsSjPW8SVyMJwYRtWs3X3ug==
  dependencies:
    "@babel/helper-plugin-utils" "^7.10.4"

"@babel/plugin-syntax-object-rest-spread@^7.8.3":
  version "7.8.3"
  resolved "https://registry.yarnpkg.com/@babel/plugin-syntax-object-rest-spread/-/plugin-syntax-object-rest-spread-7.8.3.tgz#60e225edcbd98a640332a2e72dd3e66f1af55871"
  integrity sha512-XoqMijGZb9y3y2XskN+P1wUGiVwWZ5JmoDRwx5+3GmEplNyVM2s2Dg8ILFQm8rWM48orGy5YpI5Bl8U1y7ydlA==
  dependencies:
    "@babel/helper-plugin-utils" "^7.8.0"

"@babel/plugin-syntax-optional-catch-binding@^7.8.3":
  version "7.8.3"
  resolved "https://registry.yarnpkg.com/@babel/plugin-syntax-optional-catch-binding/-/plugin-syntax-optional-catch-binding-7.8.3.tgz#6111a265bcfb020eb9efd0fdfd7d26402b9ed6c1"
  integrity sha512-6VPD0Pc1lpTqw0aKoeRTMiB+kWhAoT24PA+ksWSBrFtl5SIRVpZlwN3NNPQjehA2E/91FV3RjLWoVTglWcSV3Q==
  dependencies:
    "@babel/helper-plugin-utils" "^7.8.0"

"@babel/plugin-syntax-optional-chaining@^7.8.3":
  version "7.8.3"
  resolved "https://registry.yarnpkg.com/@babel/plugin-syntax-optional-chaining/-/plugin-syntax-optional-chaining-7.8.3.tgz#4f69c2ab95167e0180cd5336613f8c5788f7d48a"
  integrity sha512-KoK9ErH1MBlCPxV0VANkXW2/dw4vlbGDrFgz8bmUsBGYkFRcbRwMh6cIJubdPrkxRwuGdtCk0v/wPTKbQgBjkg==
  dependencies:
    "@babel/helper-plugin-utils" "^7.8.0"

"@babel/plugin-syntax-private-property-in-object@^7.14.5":
  version "7.14.5"
  resolved "https://registry.yarnpkg.com/@babel/plugin-syntax-private-property-in-object/-/plugin-syntax-private-property-in-object-7.14.5.tgz#0dc6671ec0ea22b6e94a1114f857970cd39de1ad"
  integrity sha512-0wVnp9dxJ72ZUJDV27ZfbSj6iHLoytYZmh3rFcxNnvsJF3ktkzLDZPy/mA17HGsaQT3/DQsWYX1f1QGWkCoVUg==
  dependencies:
    "@babel/helper-plugin-utils" "^7.14.5"

"@babel/plugin-syntax-top-level-await@^7.14.5":
  version "7.14.5"
  resolved "https://registry.yarnpkg.com/@babel/plugin-syntax-top-level-await/-/plugin-syntax-top-level-await-7.14.5.tgz#c1cfdadc35a646240001f06138247b741c34d94c"
  integrity sha512-hx++upLv5U1rgYfwe1xBQUhRmU41NEvpUvrp8jkrSCdvGSnM5/qdRMtylJ6PG5OFkBaHkbTAKTnd3/YyESRHFw==
  dependencies:
    "@babel/helper-plugin-utils" "^7.14.5"

"@babel/plugin-syntax-typescript@^7.24.1":
  version "7.24.1"
  resolved "https://registry.yarnpkg.com/@babel/plugin-syntax-typescript/-/plugin-syntax-typescript-7.24.1.tgz#b3bcc51f396d15f3591683f90239de143c076844"
  integrity sha512-Yhnmvy5HZEnHUty6i++gcfH1/l68AHnItFHnaCv6hn9dNh0hQvvQJsxpi4BMBFN5DLeHBuucT/0DgzXif/OyRw==
  dependencies:
    "@babel/helper-plugin-utils" "^7.24.0"

"@babel/plugin-syntax-unicode-sets-regex@^7.18.6":
  version "7.18.6"
  resolved "https://registry.yarnpkg.com/@babel/plugin-syntax-unicode-sets-regex/-/plugin-syntax-unicode-sets-regex-7.18.6.tgz#d49a3b3e6b52e5be6740022317580234a6a47357"
  integrity sha512-727YkEAPwSIQTv5im8QHz3upqp92JTWhidIC81Tdx4VJYIte/VndKf1qKrfnnhPLiPghStWfvC/iFaMCQu7Nqg==
  dependencies:
    "@babel/helper-create-regexp-features-plugin" "^7.18.6"
    "@babel/helper-plugin-utils" "^7.18.6"

"@babel/plugin-transform-arrow-functions@^7.24.1":
  version "7.24.1"
  resolved "https://registry.yarnpkg.com/@babel/plugin-transform-arrow-functions/-/plugin-transform-arrow-functions-7.24.1.tgz#2bf263617060c9cc45bcdbf492b8cc805082bf27"
  integrity sha512-ngT/3NkRhsaep9ck9uj2Xhv9+xB1zShY3tM3g6om4xxCELwCDN4g4Aq5dRn48+0hasAql7s2hdBOysCfNpr4fw==
  dependencies:
    "@babel/helper-plugin-utils" "^7.24.0"

"@babel/plugin-transform-async-generator-functions@^7.24.3":
  version "7.24.3"
  resolved "https://registry.yarnpkg.com/@babel/plugin-transform-async-generator-functions/-/plugin-transform-async-generator-functions-7.24.3.tgz#8fa7ae481b100768cc9842c8617808c5352b8b89"
  integrity sha512-Qe26CMYVjpQxJ8zxM1340JFNjZaF+ISWpr1Kt/jGo+ZTUzKkfw/pphEWbRCb+lmSM6k/TOgfYLvmbHkUQ0asIg==
  dependencies:
    "@babel/helper-environment-visitor" "^7.22.20"
    "@babel/helper-plugin-utils" "^7.24.0"
    "@babel/helper-remap-async-to-generator" "^7.22.20"
    "@babel/plugin-syntax-async-generators" "^7.8.4"

"@babel/plugin-transform-async-to-generator@^7.24.1":
  version "7.24.1"
  resolved "https://registry.yarnpkg.com/@babel/plugin-transform-async-to-generator/-/plugin-transform-async-to-generator-7.24.1.tgz#0e220703b89f2216800ce7b1c53cb0cf521c37f4"
  integrity sha512-AawPptitRXp1y0n4ilKcGbRYWfbbzFWz2NqNu7dacYDtFtz0CMjG64b3LQsb3KIgnf4/obcUL78hfaOS7iCUfw==
  dependencies:
    "@babel/helper-module-imports" "^7.24.1"
    "@babel/helper-plugin-utils" "^7.24.0"
    "@babel/helper-remap-async-to-generator" "^7.22.20"

"@babel/plugin-transform-block-scoped-functions@^7.24.1":
  version "7.24.1"
  resolved "https://registry.yarnpkg.com/@babel/plugin-transform-block-scoped-functions/-/plugin-transform-block-scoped-functions-7.24.1.tgz#1c94799e20fcd5c4d4589523bbc57b7692979380"
  integrity sha512-TWWC18OShZutrv9C6mye1xwtam+uNi2bnTOCBUd5sZxyHOiWbU6ztSROofIMrK84uweEZC219POICK/sTYwfgg==
  dependencies:
    "@babel/helper-plugin-utils" "^7.24.0"

"@babel/plugin-transform-block-scoping@^7.24.1":
  version "7.24.1"
  resolved "https://registry.yarnpkg.com/@babel/plugin-transform-block-scoping/-/plugin-transform-block-scoping-7.24.1.tgz#27af183d7f6dad890531256c7a45019df768ac1f"
  integrity sha512-h71T2QQvDgM2SmT29UYU6ozjMlAt7s7CSs5Hvy8f8cf/GM/Z4a2zMfN+fjVGaieeCrXR3EdQl6C4gQG+OgmbKw==
  dependencies:
    "@babel/helper-plugin-utils" "^7.24.0"

"@babel/plugin-transform-class-properties@^7.24.1":
  version "7.24.1"
  resolved "https://registry.yarnpkg.com/@babel/plugin-transform-class-properties/-/plugin-transform-class-properties-7.24.1.tgz#bcbf1aef6ba6085cfddec9fc8d58871cf011fc29"
  integrity sha512-OMLCXi0NqvJfORTaPQBwqLXHhb93wkBKZ4aNwMl6WtehO7ar+cmp+89iPEQPqxAnxsOKTaMcs3POz3rKayJ72g==
  dependencies:
    "@babel/helper-create-class-features-plugin" "^7.24.1"
    "@babel/helper-plugin-utils" "^7.24.0"

"@babel/plugin-transform-class-static-block@^7.24.1":
  version "7.24.1"
  resolved "https://registry.yarnpkg.com/@babel/plugin-transform-class-static-block/-/plugin-transform-class-static-block-7.24.1.tgz#4e37efcca1d9f2fcb908d1bae8b56b4b6e9e1cb6"
  integrity sha512-FUHlKCn6J3ERiu8Dv+4eoz7w8+kFLSyeVG4vDAikwADGjUCoHw/JHokyGtr8OR4UjpwPVivyF+h8Q5iv/JmrtA==
  dependencies:
    "@babel/helper-create-class-features-plugin" "^7.24.1"
    "@babel/helper-plugin-utils" "^7.24.0"
    "@babel/plugin-syntax-class-static-block" "^7.14.5"

"@babel/plugin-transform-classes@^7.24.1":
  version "7.24.1"
  resolved "https://registry.yarnpkg.com/@babel/plugin-transform-classes/-/plugin-transform-classes-7.24.1.tgz#5bc8fc160ed96378184bc10042af47f50884dcb1"
  integrity sha512-ZTIe3W7UejJd3/3R4p7ScyyOoafetUShSf4kCqV0O7F/RiHxVj/wRaRnQlrGwflvcehNA8M42HkAiEDYZu2F1Q==
  dependencies:
    "@babel/helper-annotate-as-pure" "^7.22.5"
    "@babel/helper-compilation-targets" "^7.23.6"
    "@babel/helper-environment-visitor" "^7.22.20"
    "@babel/helper-function-name" "^7.23.0"
    "@babel/helper-plugin-utils" "^7.24.0"
    "@babel/helper-replace-supers" "^7.24.1"
    "@babel/helper-split-export-declaration" "^7.22.6"
    globals "^11.1.0"

"@babel/plugin-transform-computed-properties@^7.24.1":
  version "7.24.1"
  resolved "https://registry.yarnpkg.com/@babel/plugin-transform-computed-properties/-/plugin-transform-computed-properties-7.24.1.tgz#bc7e787f8e021eccfb677af5f13c29a9934ed8a7"
  integrity sha512-5pJGVIUfJpOS+pAqBQd+QMaTD2vCL/HcePooON6pDpHgRp4gNRmzyHTPIkXntwKsq3ayUFVfJaIKPw2pOkOcTw==
  dependencies:
    "@babel/helper-plugin-utils" "^7.24.0"
    "@babel/template" "^7.24.0"

"@babel/plugin-transform-destructuring@^7.24.1":
  version "7.24.1"
  resolved "https://registry.yarnpkg.com/@babel/plugin-transform-destructuring/-/plugin-transform-destructuring-7.24.1.tgz#b1e8243af4a0206841973786292b8c8dd8447345"
  integrity sha512-ow8jciWqNxR3RYbSNVuF4U2Jx130nwnBnhRw6N6h1bOejNkABmcI5X5oz29K4alWX7vf1C+o6gtKXikzRKkVdw==
  dependencies:
    "@babel/helper-plugin-utils" "^7.24.0"

"@babel/plugin-transform-dotall-regex@^7.24.1":
  version "7.24.1"
  resolved "https://registry.yarnpkg.com/@babel/plugin-transform-dotall-regex/-/plugin-transform-dotall-regex-7.24.1.tgz#d56913d2f12795cc9930801b84c6f8c47513ac13"
  integrity sha512-p7uUxgSoZwZ2lPNMzUkqCts3xlp8n+o05ikjy7gbtFJSt9gdU88jAmtfmOxHM14noQXBxfgzf2yRWECiNVhTCw==
  dependencies:
    "@babel/helper-create-regexp-features-plugin" "^7.22.15"
    "@babel/helper-plugin-utils" "^7.24.0"

"@babel/plugin-transform-duplicate-keys@^7.24.1":
  version "7.24.1"
  resolved "https://registry.yarnpkg.com/@babel/plugin-transform-duplicate-keys/-/plugin-transform-duplicate-keys-7.24.1.tgz#5347a797fe82b8d09749d10e9f5b83665adbca88"
  integrity sha512-msyzuUnvsjsaSaocV6L7ErfNsa5nDWL1XKNnDePLgmz+WdU4w/J8+AxBMrWfi9m4IxfL5sZQKUPQKDQeeAT6lA==
  dependencies:
    "@babel/helper-plugin-utils" "^7.24.0"

"@babel/plugin-transform-dynamic-import@^7.24.1":
  version "7.24.1"
  resolved "https://registry.yarnpkg.com/@babel/plugin-transform-dynamic-import/-/plugin-transform-dynamic-import-7.24.1.tgz#2a5a49959201970dd09a5fca856cb651e44439dd"
  integrity sha512-av2gdSTyXcJVdI+8aFZsCAtR29xJt0S5tas+Ef8NvBNmD1a+N/3ecMLeMBgfcK+xzsjdLDT6oHt+DFPyeqUbDA==
  dependencies:
    "@babel/helper-plugin-utils" "^7.24.0"
    "@babel/plugin-syntax-dynamic-import" "^7.8.3"

"@babel/plugin-transform-exponentiation-operator@^7.24.1":
  version "7.24.1"
  resolved "https://registry.yarnpkg.com/@babel/plugin-transform-exponentiation-operator/-/plugin-transform-exponentiation-operator-7.24.1.tgz#6650ebeb5bd5c012d5f5f90a26613a08162e8ba4"
  integrity sha512-U1yX13dVBSwS23DEAqU+Z/PkwE9/m7QQy8Y9/+Tdb8UWYaGNDYwTLi19wqIAiROr8sXVum9A/rtiH5H0boUcTw==
  dependencies:
    "@babel/helper-builder-binary-assignment-operator-visitor" "^7.22.15"
    "@babel/helper-plugin-utils" "^7.24.0"

"@babel/plugin-transform-export-namespace-from@^7.24.1":
  version "7.24.1"
  resolved "https://registry.yarnpkg.com/@babel/plugin-transform-export-namespace-from/-/plugin-transform-export-namespace-from-7.24.1.tgz#f033541fc036e3efb2dcb58eedafd4f6b8078acd"
  integrity sha512-Ft38m/KFOyzKw2UaJFkWG9QnHPG/Q/2SkOrRk4pNBPg5IPZ+dOxcmkK5IyuBcxiNPyyYowPGUReyBvrvZs7IlQ==
  dependencies:
    "@babel/helper-plugin-utils" "^7.24.0"
    "@babel/plugin-syntax-export-namespace-from" "^7.8.3"

"@babel/plugin-transform-for-of@^7.24.1":
  version "7.24.1"
  resolved "https://registry.yarnpkg.com/@babel/plugin-transform-for-of/-/plugin-transform-for-of-7.24.1.tgz#67448446b67ab6c091360ce3717e7d3a59e202fd"
  integrity sha512-OxBdcnF04bpdQdR3i4giHZNZQn7cm8RQKcSwA17wAAqEELo1ZOwp5FFgeptWUQXFyT9kwHo10aqqauYkRZPCAg==
  dependencies:
    "@babel/helper-plugin-utils" "^7.24.0"
    "@babel/helper-skip-transparent-expression-wrappers" "^7.22.5"

"@babel/plugin-transform-function-name@^7.24.1":
  version "7.24.1"
  resolved "https://registry.yarnpkg.com/@babel/plugin-transform-function-name/-/plugin-transform-function-name-7.24.1.tgz#8cba6f7730626cc4dfe4ca2fa516215a0592b361"
  integrity sha512-BXmDZpPlh7jwicKArQASrj8n22/w6iymRnvHYYd2zO30DbE277JO20/7yXJT3QxDPtiQiOxQBbZH4TpivNXIxA==
  dependencies:
    "@babel/helper-compilation-targets" "^7.23.6"
    "@babel/helper-function-name" "^7.23.0"
    "@babel/helper-plugin-utils" "^7.24.0"

"@babel/plugin-transform-json-strings@^7.24.1":
  version "7.24.1"
  resolved "https://registry.yarnpkg.com/@babel/plugin-transform-json-strings/-/plugin-transform-json-strings-7.24.1.tgz#08e6369b62ab3e8a7b61089151b161180c8299f7"
  integrity sha512-U7RMFmRvoasscrIFy5xA4gIp8iWnWubnKkKuUGJjsuOH7GfbMkB+XZzeslx2kLdEGdOJDamEmCqOks6e8nv8DQ==
  dependencies:
    "@babel/helper-plugin-utils" "^7.24.0"
    "@babel/plugin-syntax-json-strings" "^7.8.3"

"@babel/plugin-transform-literals@^7.24.1":
  version "7.24.1"
  resolved "https://registry.yarnpkg.com/@babel/plugin-transform-literals/-/plugin-transform-literals-7.24.1.tgz#0a1982297af83e6b3c94972686067df588c5c096"
  integrity sha512-zn9pwz8U7nCqOYIiBaOxoQOtYmMODXTJnkxG4AtX8fPmnCRYWBOHD0qcpwS9e2VDSp1zNJYpdnFMIKb8jmwu6g==
  dependencies:
    "@babel/helper-plugin-utils" "^7.24.0"

"@babel/plugin-transform-logical-assignment-operators@^7.24.1":
  version "7.24.1"
  resolved "https://registry.yarnpkg.com/@babel/plugin-transform-logical-assignment-operators/-/plugin-transform-logical-assignment-operators-7.24.1.tgz#719d8aded1aa94b8fb34e3a785ae8518e24cfa40"
  integrity sha512-OhN6J4Bpz+hIBqItTeWJujDOfNP+unqv/NJgyhlpSqgBTPm37KkMmZV6SYcOj+pnDbdcl1qRGV/ZiIjX9Iy34w==
  dependencies:
    "@babel/helper-plugin-utils" "^7.24.0"
    "@babel/plugin-syntax-logical-assignment-operators" "^7.10.4"

"@babel/plugin-transform-member-expression-literals@^7.24.1":
  version "7.24.1"
  resolved "https://registry.yarnpkg.com/@babel/plugin-transform-member-expression-literals/-/plugin-transform-member-expression-literals-7.24.1.tgz#896d23601c92f437af8b01371ad34beb75df4489"
  integrity sha512-4ojai0KysTWXzHseJKa1XPNXKRbuUrhkOPY4rEGeR+7ChlJVKxFa3H3Bz+7tWaGKgJAXUWKOGmltN+u9B3+CVg==
  dependencies:
    "@babel/helper-plugin-utils" "^7.24.0"

"@babel/plugin-transform-modules-amd@^7.24.1":
  version "7.24.1"
  resolved "https://registry.yarnpkg.com/@babel/plugin-transform-modules-amd/-/plugin-transform-modules-amd-7.24.1.tgz#b6d829ed15258536977e9c7cc6437814871ffa39"
  integrity sha512-lAxNHi4HVtjnHd5Rxg3D5t99Xm6H7b04hUS7EHIXcUl2EV4yl1gWdqZrNzXnSrHveL9qMdbODlLF55mvgjAfaQ==
  dependencies:
    "@babel/helper-module-transforms"